
Microsoft Visual Studio Solution File, Format Version 12.00
# Visual Studio Version 17
VisualStudioVersion = 17.7.34202.233
MinimumVisualStudioVersion = 10.0.40219.1
Project("{FAE04EC0-301F-11D3-BF4B-00C04F79EFBC}") = "Interfaces02", "Interfaces02\Interfaces02.csproj", "{DAD335CB-8793-4E98-A077-B60118FA55EF}"
EndProject
Global
	GlobalSection(SolutionConfigurationPlatforms) = preSolution
		Debug|Any CPU = Debug|Any CPU
		Release|Any CPU = Release|Any CPU
	EndGlobalSection
	GlobalSection(ProjectConfigurationPlatforms) = postSolution
		{DAD335CB-8793-4E98-A077-B60118FA55EF}.Debug|Any CPU.ActiveCfg = Debug|Any CPU
		{DAD335CB-8793-4E98-A077-B60118FA55EF}.Debug|Any CPU.Build.0 = Debug|Any CPU
		{DAD335CB-8793-4E98-A077-B60118FA55EF}.Release|Any CPU.ActiveCfg = Release|Any CPU
		{DAD335CB-8793-4E98-A077-B60118FA55EF}.Release|Any CPU.Build.0 = Release|Any CPU
	EndGlobalSection
	GlobalSection(SolutionProperties) = preSolution
		HideSolutionNode = FALSE
	EndGlobalSection
	GlobalSection(ExtensibilityGlobals) = postSolution
		SolutionGuid = {B0585614-54D4-45F4-BB9F-C86F5F66B597}
	EndGlobalSection
EndGlobal
